
Microsoft Visual Studio Solution File, Format Version 12.00
# Visual Studio Version 16
VisualStudioVersion = 16.0.31729.503
MinimumVisualStudioVersion = 10.0.40219.1
Project("{FAE04EC0-301F-11D3-BF4B-00C04F79EFBC}") = "ConsoleQuestionnaire", "ConsoleQuestionnaire.csproj", "{FF41A35E-BC2A-470B-95A8-6EF9AEBB1DF6}"
EndProject
Global
	GlobalSection(SolutionConfigurationPlatforms) = preSolution
		Debug|Any CPU = Debug|Any CPU
		Release|Any CPU = Release|Any CPU
	EndGlobalSection
	GlobalSection(ProjectConfigurationPlatforms) = postSolution
		{FF41A35E-BC2A-470B-95A8-6EF9AEBB1DF6}.Debug|Any CPU.ActiveCfg = Debug|Any CPU
		{FF41A35E-BC2A-470B-95A8-6EF9AEBB1DF6}.Debug|Any CPU.Build.0 = Debug|Any CPU
		{FF41A35E-BC2A-470B-95A8-6EF9AEBB1DF6}.Release|Any CPU.ActiveCfg = Release|Any CPU
		{FF41A35E-BC2A-470B-95A8-6EF9AEBB1DF6}.Release|Any CPU.Build.0 = Release|Any CPU
	EndGlobalSection
	GlobalSection(SolutionProperties) = preSolution
		HideSolutionNode = FALSE
	EndGlobalSection
	GlobalSection(ExtensibilityGlobals) = postSolution
		SolutionGuid = {CE7016E0-E22E-475E-955B-36E5B3186E3E}
	EndGlobalSection
EndGlobal
